{
  "name": "ent2dalk",
  "version": "1.0.0",
  "lockfileVersion": 1,
  "requires": true,
  "dependencies": {
    "dalkak": {
      "version": "0.7.9",
      "resolved": "https://registry.npmjs.org/dalkak/-/dalkak-0.7.9.tgz",
      "integrity": "sha512-Eqv161yfkXXwJ1awuABqzVHDMjM9jW5bAa/NC833/bEt8WReU57bgdj92In4FPgc99Y2GAqEjIxY9F4NG9prnQ=="
    }
  }
}
